
Microsoft Visual Studio Solution File, Format Version 12.00
# Visual Studio Version 16
VisualStudioVersion = 16.0.31402.337
MinimumVisualStudioVersion = 10.0.40219.1
Project("{FAE04EC0-301F-11D3-BF4B-00C04F79EFBC}") = "WPFWorksSpace", "WPFWorksSpace\WPFWorksSpace.csproj", "{41E349E8-3939-468A-8267-F3F798DF991E}"
EndProject
Global
	GlobalSection(SolutionConfigurationPlatforms) = preSolution
		Debug|Any CPU = Debug|Any CPU
		Release|Any CPU = Release|Any CPU
	EndGlobalSection
	GlobalSection(ProjectConfigurationPlatforms) = postSolution
		{41E349E8-3939-468A-8267-F3F798DF991E}.Debug|Any CPU.ActiveCfg = Debug|Any CPU
		{41E349E8-3939-468A-8267-F3F798DF991E}.Debug|Any CPU.Build.0 = Debug|Any CPU
		{41E349E8-3939-468A-8267-F3F798DF991E}.Release|Any CPU.ActiveCfg = Release|Any CPU
		{41E349E8-3939-468A-8267-F3F798DF991E}.Release|Any CPU.Build.0 = Release|Any CPU
	EndGlobalSection
	GlobalSection(SolutionProperties) = preSolution
		HideSolutionNode = FALSE
	EndGlobalSection
	GlobalSection(ExtensibilityGlobals) = postSolution
		SolutionGuid = {DDE1A558-1799-41B4-A7BD-4B62E951ECE9}
	EndGlobalSection
EndGlobal
